
Microsoft Visual Studio Solution File, Format Version 12.00
# Visual Studio Version 17
VisualStudioVersion = 17.14.36511.14 d17.14
MinimumVisualStudioVersion = 10.0.40219.1
Project("{FAE04EC0-301F-11D3-BF4B-00C04F79EFBC}") = "TemplatePasswords", "TemplatePasswords\TemplatePasswords.csproj", "{85A31848-D046-43AF-90D7-E2DA0B3E5ADC}"
EndProject
Project("{FAE04EC0-301F-11D3-BF4B-00C04F79EFBC}") = "TemplatePasswords.Domain", "Template.Domain\TemplatePasswords.Domain.csproj", "{C32B0029-6227-452D-8F71-26CA5065966C}"
EndProject
Project("{FAE04EC0-301F-11D3-BF4B-00C04F79EFBC}") = "TemplatePasswords.DataAcces", "TemplatePasswords.DataAcces\TemplatePasswords.DataAcces.csproj", "{331D58AD-D9BB-4FDA-90CC-7BABC0F2AB8D}"
EndProject
Project("{FAE04EC0-301F-11D3-BF4B-00C04F79EFBC}") = "TemplatePasswords.Service", "TemplatePasswords.Service\TemplatePasswords.Service.csproj", "{3D5D1BE4-22F2-4A7B-84D4-7A9B6C116436}"
EndProject
Global
	GlobalSection(SolutionConfigurationPlatforms) = preSolution
		Debug|Any CPU = Debug|Any CPU
		Release|Any CPU = Release|Any CPU
	EndGlobalSection
	GlobalSection(ProjectConfigurationPlatforms) = postSolution
		{85A31848-D046-43AF-90D7-E2DA0B3E5ADC}.Debug|Any CPU.ActiveCfg = Debug|Any CPU
		{85A31848-D046-43AF-90D7-E2DA0B3E5ADC}.Debug|Any CPU.Build.0 = Debug|Any CPU
		{85A31848-D046-43AF-90D7-E2DA0B3E5ADC}.Release|Any CPU.ActiveCfg = Release|Any CPU
		{85A31848-D046-43AF-90D7-E2DA0B3E5ADC}.Release|Any CPU.Build.0 = Release|Any CPU
		{C32B0029-6227-452D-8F71-26CA5065966C}.Debug|Any CPU.ActiveCfg = Debug|Any CPU
		{C32B0029-6227-452D-8F71-26CA5065966C}.Debug|Any CPU.Build.0 = Debug|Any CPU
		{C32B0029-6227-452D-8F71-26CA5065966C}.Release|Any CPU.ActiveCfg = Release|Any CPU
		{C32B0029-6227-452D-8F71-26CA5065966C}.Release|Any CPU.Build.0 = Release|Any CPU
		{331D58AD-D9BB-4FDA-90CC-7BABC0F2AB8D}.Debug|Any CPU.ActiveCfg = Debug|Any CPU
		{331D58AD-D9BB-4FDA-90CC-7BABC0F2AB8D}.Debug|Any CPU.Build.0 = Debug|Any CPU
		{331D58AD-D9BB-4FDA-90CC-7BABC0F2AB8D}.Release|Any CPU.ActiveCfg = Release|Any CPU
		{331D58AD-D9BB-4FDA-90CC-7BABC0F2AB8D}.Release|Any CPU.Build.0 = Release|Any CPU
		{3D5D1BE4-22F2-4A7B-84D4-7A9B6C116436}.Debug|Any CPU.ActiveCfg = Debug|Any CPU
		{3D5D1BE4-22F2-4A7B-84D4-7A9B6C116436}.Debug|Any CPU.Build.0 = Debug|Any CPU
		{3D5D1BE4-22F2-4A7B-84D4-7A9B6C116436}.Release|Any CPU.ActiveCfg = Release|Any CPU
		{3D5D1BE4-22F2-4A7B-84D4-7A9B6C116436}.Release|Any CPU.Build.0 = Release|Any CPU
	EndGlobalSection
	GlobalSection(SolutionProperties) = preSolution
		HideSolutionNode = FALSE
	EndGlobalSection
	GlobalSection(ExtensibilityGlobals) = postSolution
		SolutionGuid = {449B8C5F-6034-4FD7-A666-2FA5348B187A}
	EndGlobalSection
EndGlobal
